<?xml version="1.0" encoding="UTF-8"?>
<CodeBlocks_project_file>
	<FileVersion major="1" minor="6"/>
	<Project>
		<Option title="condor"/>
		<Option makefile_is_custom="1"/>
		<Option compiler="gcc"/>
		<Option virtualFolders="CMake Files\;"/>
		<Build>
			<Target title="all">
				<Option working_dir="C:/Users/willdech/CLionProjects/Condor"/>
				<Option type="4"/>
				<MakeCommands>
					<Build command="C:/MinGW/bin/mingw32-make.exe -f &quot;C:/Users/willdech/CLionProjects/Condor/Makefile&quot;  VERBOSE=1 all"/>
					<CompileFile command="C:/MinGW/bin/mingw32-make.exe -f &quot;C:/Users/willdech/CLionProjects/Condor/Makefile&quot;  VERBOSE=1 &quot;$file&quot;"/>
					<Clean command="C:/MinGW/bin/mingw32-make.exe -f &quot;C:/Users/willdech/CLionProjects/Condor/Makefile&quot;  VERBOSE=1 clean"/>
					<DistClean command="C:/MinGW/bin/mingw32-make.exe -f &quot;C:/Users/willdech/CLionProjects/Condor/Makefile&quot;  VERBOSE=1 clean"/>
				</MakeCommands>
			</Target>
			<Target title="CondorLib">
				<Option output="C:/Users/willdech/CLionProjects/Condor/libCondorLib.a" prefix_auto="0" extension_auto="0"/>
				<Option working_dir="C:/Users/willdech/CLionProjects/Condor"/>
				<Option object_output="./"/>
				<Option type="2"/>
				<Option compiler="gcc"/>
				<Compiler>
					<Add directory="C:/Users/willdech/CLionProjects/Condor/src"/>
					<Add directory="C:/Users/willdech/CLionProjects/Condor/include"/>
					<Add directory="C:/MinGW/include"/>
					<Add directory="c:\mingw\bin\../lib64/gcc/x86_64-w64-mingw32/4.8.3/../../../../include/c++/4.8.3"/>
					<Add directory="c:\mingw\bin\../lib64/gcc/x86_64-w64-mingw32/4.8.3/../../../../include/c++/4.8.3/x86_64-w64-mingw32"/>
					<Add directory="c:\mingw\bin\../lib64/gcc/x86_64-w64-mingw32/4.8.3/../../../../include/c++/4.8.3/backward"/>
					<Add directory="c:\mingw\bin\../lib64/gcc/x86_64-w64-mingw32/4.8.3/include"/>
					<Add directory="c:\mingw\bin\../lib64/gcc/x86_64-w64-mingw32/4.8.3/include-fixed"/>
					<Add directory="c:\mingw\bin\../lib64/gcc/x86_64-w64-mingw32/4.8.3/../../../../x86_64-w64-mingw32/include"/>
				</Compiler>
				<MakeCommands>
					<Build command="C:/MinGW/bin/mingw32-make.exe -f &quot;C:/Users/willdech/CLionProjects/Condor/Makefile&quot;  VERBOSE=1 CondorLib"/>
					<CompileFile command="C:/MinGW/bin/mingw32-make.exe -f &quot;C:/Users/willdech/CLionProjects/Condor/Makefile&quot;  VERBOSE=1 &quot;$file&quot;"/>
					<Clean command="C:/MinGW/bin/mingw32-make.exe -f &quot;C:/Users/willdech/CLionProjects/Condor/Makefile&quot;  VERBOSE=1 clean"/>
					<DistClean command="C:/MinGW/bin/mingw32-make.exe -f &quot;C:/Users/willdech/CLionProjects/Condor/Makefile&quot;  VERBOSE=1 clean"/>
				</MakeCommands>
			</Target>
			<Target title="CondorLib/fast">
				<Option output="C:/Users/willdech/CLionProjects/Condor/libCondorLib.a" prefix_auto="0" extension_auto="0"/>
				<Option working_dir="C:/Users/willdech/CLionProjects/Condor"/>
				<Option object_output="./"/>
				<Option type="2"/>
				<Option compiler="gcc"/>
				<Compiler>
					<Add directory="C:/Users/willdech/CLionProjects/Condor/src"/>
					<Add directory="C:/Users/willdech/CLionProjects/Condor/include"/>
					<Add directory="C:/MinGW/include"/>
					<Add directory="c:\mingw\bin\../lib64/gcc/x86_64-w64-mingw32/4.8.3/../../../../include/c++/4.8.3"/>
					<Add directory="c:\mingw\bin\../lib64/gcc/x86_64-w64-mingw32/4.8.3/../../../../include/c++/4.8.3/x86_64-w64-mingw32"/>
					<Add directory="c:\mingw\bin\../lib64/gcc/x86_64-w64-mingw32/4.8.3/../../../../include/c++/4.8.3/backward"/>
					<Add directory="c:\mingw\bin\../lib64/gcc/x86_64-w64-mingw32/4.8.3/include"/>
					<Add directory="c:\mingw\bin\../lib64/gcc/x86_64-w64-mingw32/4.8.3/include-fixed"/>
					<Add directory="c:\mingw\bin\../lib64/gcc/x86_64-w64-mingw32/4.8.3/../../../../x86_64-w64-mingw32/include"/>
				</Compiler>
				<MakeCommands>
					<Build command="C:/MinGW/bin/mingw32-make.exe -f &quot;C:/Users/willdech/CLionProjects/Condor/Makefile&quot;  VERBOSE=1 CondorLib/fast"/>
					<CompileFile command="C:/MinGW/bin/mingw32-make.exe -f &quot;C:/Users/willdech/CLionProjects/Condor/Makefile&quot;  VERBOSE=1 &quot;$file&quot;"/>
					<Clean command="C:/MinGW/bin/mingw32-make.exe -f &quot;C:/Users/willdech/CLionProjects/Condor/Makefile&quot;  VERBOSE=1 clean"/>
					<DistClean command="C:/MinGW/bin/mingw32-make.exe -f &quot;C:/Users/willdech/CLionProjects/Condor/Makefile&quot;  VERBOSE=1 clean"/>
				</MakeCommands>
			</Target>
			<Target title="condor">
				<Option output="C:/Users/willdech/CLionProjects/Condor/build/condor.exe" prefix_auto="0" extension_auto="0"/>
				<Option working_dir="build/"/>
				<Option object_output="./"/>
				<Option type="1"/>
				<Option compiler="gcc"/>
				<Compiler>
					<Add directory="C:/Users/willdech/CLionProjects/Condor/include"/>
					<Add directory="C:/Users/willdech/CLionProjects/Condor/src"/>
					<Add directory="C:/MinGW/include"/>
					<Add directory="c:\mingw\bin\../lib64/gcc/x86_64-w64-mingw32/4.8.3/../../../../include/c++/4.8.3"/>
					<Add directory="c:\mingw\bin\../lib64/gcc/x86_64-w64-mingw32/4.8.3/../../../../include/c++/4.8.3/x86_64-w64-mingw32"/>
					<Add directory="c:\mingw\bin\../lib64/gcc/x86_64-w64-mingw32/4.8.3/../../../../include/c++/4.8.3/backward"/>
					<Add directory="c:\mingw\bin\../lib64/gcc/x86_64-w64-mingw32/4.8.3/include"/>
					<Add directory="c:\mingw\bin\../lib64/gcc/x86_64-w64-mingw32/4.8.3/include-fixed"/>
					<Add directory="c:\mingw\bin\../lib64/gcc/x86_64-w64-mingw32/4.8.3/../../../../x86_64-w64-mingw32/include"/>
				</Compiler>
				<MakeCommands>
					<Build command="C:/MinGW/bin/mingw32-make.exe -f &quot;C:/Users/willdech/CLionProjects/Condor/Makefile&quot;  VERBOSE=1 condor"/>
					<CompileFile command="C:/MinGW/bin/mingw32-make.exe -f &quot;C:/Users/willdech/CLionProjects/Condor/Makefile&quot;  VERBOSE=1 &quot;$file&quot;"/>
					<Clean command="C:/MinGW/bin/mingw32-make.exe -f &quot;C:/Users/willdech/CLionProjects/Condor/Makefile&quot;  VERBOSE=1 clean"/>
					<DistClean command="C:/MinGW/bin/mingw32-make.exe -f &quot;C:/Users/willdech/CLionProjects/Condor/Makefile&quot;  VERBOSE=1 clean"/>
				</MakeCommands>
			</Target>
			<Target title="condor/fast">
				<Option output="C:/Users/willdech/CLionProjects/Condor/build/condor.exe" prefix_auto="0" extension_auto="0"/>
				<Option working_dir="build/"/>
				<Option object_output="./"/>
				<Option type="1"/>
				<Option compiler="gcc"/>
				<Compiler>
					<Add directory="C:/Users/willdech/CLionProjects/Condor/include"/>
					<Add directory="C:/Users/willdech/CLionProjects/Condor/src"/>
					<Add directory="C:/MinGW/include"/>
					<Add directory="c:\mingw\bin\../lib64/gcc/x86_64-w64-mingw32/4.8.3/../../../../include/c++/4.8.3"/>
					<Add directory="c:\mingw\bin\../lib64/gcc/x86_64-w64-mingw32/4.8.3/../../../../include/c++/4.8.3/x86_64-w64-mingw32"/>
					<Add directory="c:\mingw\bin\../lib64/gcc/x86_64-w64-mingw32/4.8.3/../../../../include/c++/4.8.3/backward"/>
					<Add directory="c:\mingw\bin\../lib64/gcc/x86_64-w64-mingw32/4.8.3/include"/>
					<Add directory="c:\mingw\bin\../lib64/gcc/x86_64-w64-mingw32/4.8.3/include-fixed"/>
					<Add directory="c:\mingw\bin\../lib64/gcc/x86_64-w64-mingw32/4.8.3/../../../../x86_64-w64-mingw32/include"/>
				</Compiler>
				<MakeCommands>
					<Build command="C:/MinGW/bin/mingw32-make.exe -f &quot;C:/Users/willdech/CLionProjects/Condor/Makefile&quot;  VERBOSE=1 condor/fast"/>
					<CompileFile command="C:/MinGW/bin/mingw32-make.exe -f &quot;C:/Users/willdech/CLionProjects/Condor/Makefile&quot;  VERBOSE=1 &quot;$file&quot;"/>
					<Clean command="C:/MinGW/bin/mingw32-make.exe -f &quot;C:/Users/willdech/CLionProjects/Condor/Makefile&quot;  VERBOSE=1 clean"/>
					<DistClean command="C:/MinGW/bin/mingw32-make.exe -f &quot;C:/Users/willdech/CLionProjects/Condor/Makefile&quot;  VERBOSE=1 clean"/>
				</MakeCommands>
			</Target>
			<Target title="edit_cache">
				<Option working_dir="C:/Users/willdech/CLionProjects/Condor"/>
				<Option type="4"/>
				<MakeCommands>
					<Build command="C:/MinGW/bin/mingw32-make.exe -f &quot;C:/Users/willdech/CLionProjects/Condor/Makefile&quot;  VERBOSE=1 edit_cache"/>
					<CompileFile command="C:/MinGW/bin/mingw32-make.exe -f &quot;C:/Users/willdech/CLionProjects/Condor/Makefile&quot;  VERBOSE=1 &quot;$file&quot;"/>
					<Clean command="C:/MinGW/bin/mingw32-make.exe -f &quot;C:/Users/willdech/CLionProjects/Condor/Makefile&quot;  VERBOSE=1 clean"/>
					<DistClean command="C:/MinGW/bin/mingw32-make.exe -f &quot;C:/Users/willdech/CLionProjects/Condor/Makefile&quot;  VERBOSE=1 clean"/>
				</MakeCommands>
			</Target>
			<Target title="rebuild_cache">
				<Option working_dir="C:/Users/willdech/CLionProjects/Condor"/>
				<Option type="4"/>
				<MakeCommands>
					<Build command="C:/MinGW/bin/mingw32-make.exe -f &quot;C:/Users/willdech/CLionProjects/Condor/Makefile&quot;  VERBOSE=1 rebuild_cache"/>
					<CompileFile command="C:/MinGW/bin/mingw32-make.exe -f &quot;C:/Users/willdech/CLionProjects/Condor/Makefile&quot;  VERBOSE=1 &quot;$file&quot;"/>
					<Clean command="C:/MinGW/bin/mingw32-make.exe -f &quot;C:/Users/willdech/CLionProjects/Condor/Makefile&quot;  VERBOSE=1 clean"/>
					<DistClean command="C:/MinGW/bin/mingw32-make.exe -f &quot;C:/Users/willdech/CLionProjects/Condor/Makefile&quot;  VERBOSE=1 clean"/>
				</MakeCommands>
			</Target>
		</Build>
		<Unit filename="C:/Users/willdech/CLionProjects/Condor/include/Condor.h">
			<Option target="condor"/>
		</Unit>
		<Unit filename="C:/Users/willdech/CLionProjects/Condor/src/api.cc">
			<Option target="CondorLib"/>
		</Unit>
		<Unit filename="C:/Users/willdech/CLionProjects/Condor/src/api.h">
			<Option target="CondorLib"/>
		</Unit>
		<Unit filename="C:/Users/willdech/CLionProjects/Condor/src/condor/assert.cc">
			<Option target="CondorLib"/>
		</Unit>
		<Unit filename="C:/Users/willdech/CLionProjects/Condor/src/condor/assert.h">
			<Option target="CondorLib"/>
		</Unit>
		<Unit filename="C:/Users/willdech/CLionProjects/Condor/src/condor/ast/context.cc">
			<Option target="CondorLib"/>
		</Unit>
		<Unit filename="C:/Users/willdech/CLionProjects/Condor/src/condor/ast/context.h">
			<Option target="CondorLib"/>
		</Unit>
		<Unit filename="C:/Users/willdech/CLionProjects/Condor/src/condor/ast/node.cc">
			<Option target="CondorLib"/>
		</Unit>
		<Unit filename="C:/Users/willdech/CLionProjects/Condor/src/condor/ast/node.h">
			<Option target="CondorLib"/>
		</Unit>
		<Unit filename="C:/Users/willdech/CLionProjects/Condor/src/condor/ast/scope.cc">
			<Option target="CondorLib"/>
		</Unit>
		<Unit filename="C:/Users/willdech/CLionProjects/Condor/src/condor/ast/scope.h">
			<Option target="CondorLib"/>
		</Unit>
		<Unit filename="C:/Users/willdech/CLionProjects/Condor/src/condor/clock.cc">
			<Option target="CondorLib"/>
		</Unit>
		<Unit filename="C:/Users/willdech/CLionProjects/Condor/src/condor/clock.h">
			<Option target="CondorLib"/>
		</Unit>
		<Unit filename="C:/Users/willdech/CLionProjects/Condor/src/condor/compile/compile.cc">
			<Option target="CondorLib"/>
		</Unit>
		<Unit filename="C:/Users/willdech/CLionProjects/Condor/src/condor/compile/compile.h">
			<Option target="CondorLib"/>
		</Unit>
		<Unit filename="C:/Users/willdech/CLionProjects/Condor/src/condor/error/error.cc">
			<Option target="CondorLib"/>
		</Unit>
		<Unit filename="C:/Users/willdech/CLionProjects/Condor/src/condor/error/error.h">
			<Option target="CondorLib"/>
		</Unit>
		<Unit filename="C:/Users/willdech/CLionProjects/Condor/src/condor/execute/execute.cc">
			<Option target="CondorLib"/>
		</Unit>
		<Unit filename="C:/Users/willdech/CLionProjects/Condor/src/condor/execute/execute.h">
			<Option target="CondorLib"/>
		</Unit>
		<Unit filename="C:/Users/willdech/CLionProjects/Condor/src/condor/execute/stack.cc">
			<Option target="CondorLib"/>
		</Unit>
		<Unit filename="C:/Users/willdech/CLionProjects/Condor/src/condor/execute/stack.h">
			<Option target="CondorLib"/>
		</Unit>
		<Unit filename="C:/Users/willdech/CLionProjects/Condor/src/condor/flags.cc">
			<Option target="CondorLib"/>
		</Unit>
		<Unit filename="C:/Users/willdech/CLionProjects/Condor/src/condor/flags.h">
			<Option target="CondorLib"/>
		</Unit>
		<Unit filename="C:/Users/willdech/CLionProjects/Condor/src/condor/mem/allocate.cc">
			<Option target="CondorLib"/>
		</Unit>
		<Unit filename="C:/Users/willdech/CLionProjects/Condor/src/condor/mem/allocate.h">
			<Option target="CondorLib"/>
		</Unit>
		<Unit filename="C:/Users/willdech/CLionProjects/Condor/src/condor/mem/gc.cc">
			<Option target="CondorLib"/>
		</Unit>
		<Unit filename="C:/Users/willdech/CLionProjects/Condor/src/condor/mem/gc.h">
			<Option target="CondorLib"/>
		</Unit>
		<Unit filename="C:/Users/willdech/CLionProjects/Condor/src/condor/mem/isolate.cc">
			<Option target="CondorLib"/>
		</Unit>
		<Unit filename="C:/Users/willdech/CLionProjects/Condor/src/condor/mem/isolate.h">
			<Option target="CondorLib"/>
		</Unit>
		<Unit filename="C:/Users/willdech/CLionProjects/Condor/src/condor/parser/parser.cc">
			<Option target="CondorLib"/>
		</Unit>
		<Unit filename="C:/Users/willdech/CLionProjects/Condor/src/condor/parser/parser.h">
			<Option target="CondorLib"/>
		</Unit>
		<Unit filename="C:/Users/willdech/CLionProjects/Condor/src/condor/scanner/scanner.cc">
			<Option target="CondorLib"/>
		</Unit>
		<Unit filename="C:/Users/willdech/CLionProjects/Condor/src/condor/scanner/scanner.h">
			<Option target="CondorLib"/>
		</Unit>
		<Unit filename="C:/Users/willdech/CLionProjects/Condor/src/condor/semantics/binary.cc">
			<Option target="CondorLib"/>
		</Unit>
		<Unit filename="C:/Users/willdech/CLionProjects/Condor/src/condor/semantics/binary.h">
			<Option target="CondorLib"/>
		</Unit>
		<Unit filename="C:/Users/willdech/CLionProjects/Condor/src/condor/semantics/internal.cc">
			<Option target="CondorLib"/>
		</Unit>
		<Unit filename="C:/Users/willdech/CLionProjects/Condor/src/condor/semantics/internal.h">
			<Option target="CondorLib"/>
		</Unit>
		<Unit filename="C:/Users/willdech/CLionProjects/Condor/src/condor/semantics/semantics.cc">
			<Option target="CondorLib"/>
		</Unit>
		<Unit filename="C:/Users/willdech/CLionProjects/Condor/src/condor/semantics/semantics.h">
			<Option target="CondorLib"/>
		</Unit>
		<Unit filename="C:/Users/willdech/CLionProjects/Condor/src/condor/token/token.cc">
			<Option target="CondorLib"/>
		</Unit>
		<Unit filename="C:/Users/willdech/CLionProjects/Condor/src/condor/token/token.h">
			<Option target="CondorLib"/>
		</Unit>
		<Unit filename="C:/Users/willdech/CLionProjects/Condor/src/condor/types/app/app.cc">
			<Option target="CondorLib"/>
		</Unit>
		<Unit filename="C:/Users/willdech/CLionProjects/Condor/src/condor/types/app/app.h">
			<Option target="CondorLib"/>
		</Unit>
		<Unit filename="C:/Users/willdech/CLionProjects/Condor/src/condor/types/clock/clock.cc">
			<Option target="CondorLib"/>
		</Unit>
		<Unit filename="C:/Users/willdech/CLionProjects/Condor/src/condor/types/clock/clock.h">
			<Option target="CondorLib"/>
		</Unit>
		<Unit filename="C:/Users/willdech/CLionProjects/Condor/src/condor/types/fs/fs.cc">
			<Option target="CondorLib"/>
		</Unit>
		<Unit filename="C:/Users/willdech/CLionProjects/Condor/src/condor/types/fs/fs.h">
			<Option target="CondorLib"/>
		</Unit>
		<Unit filename="C:/Users/willdech/CLionProjects/Condor/src/condor/types/path/path.cc">
			<Option target="CondorLib"/>
		</Unit>
		<Unit filename="C:/Users/willdech/CLionProjects/Condor/src/condor/types/path/path.h">
			<Option target="CondorLib"/>
		</Unit>
		<Unit filename="C:/Users/willdech/CLionProjects/Condor/src/condor/types/script/script.cc">
			<Option target="CondorLib"/>
		</Unit>
		<Unit filename="C:/Users/willdech/CLionProjects/Condor/src/condor/types/script/script.h">
			<Option target="CondorLib"/>
		</Unit>
		<Unit filename="C:/Users/willdech/CLionProjects/Condor/src/condor/types/strings/string.cc">
			<Option target="CondorLib"/>
		</Unit>
		<Unit filename="C:/Users/willdech/CLionProjects/Condor/src/condor/types/strings/string.h">
			<Option target="CondorLib"/>
		</Unit>
		<Unit filename="C:/Users/willdech/CLionProjects/Condor/src/main.cc">
			<Option target="condor"/>
		</Unit>
		<Unit filename="C:/Users/willdech/CLionProjects/Condor/CMakeLists.txt">
			<Option virtualFolder="CMake Files\"/>
		</Unit>
	</Project>
</CodeBlocks_project_file>
