// !$*UTF8*$!
{
	archiveVersion = 1;
	classes = {
	};
	objectVersion = 46;
	objects = {

/* Begin PBXFileReference section */
		3EAAF9FA1BA49DB3009DF271 /* src */ = {isa = PBXFileReference; lastKnownFileType = folder; path = src; sourceTree = "<group>"; };
		3EAAF9FB1BA49DBF009DF271 /* main.cc */ = {isa = PBXFileReference; lastKnownFileType = sourcecode.cpp.cpp; path = main.cc; sourceTree = "<group>"; };
/* End PBXFileReference section */

/* Begin PBXGroup section */
		3EAAF9F01BA49D3B009DF271 = {
			isa = PBXGroup;
			children = (
				3EAAF9FB1BA49DBF009DF271 /* main.cc */,
				3EAAF9FA1BA49DB3009DF271 /* src */,
			);
			sourceTree = "<group>";
		};
/* End PBXGroup section */

/* Begin PBXProject section */
		3EAAF9F11BA49D3C009DF271 /* Project object */ = {
			isa = PBXProject;
			attributes = {
				LastUpgradeCheck = 0640;
			};
			buildConfigurationList = 3EAAF9F41BA49D3C009DF271 /* Build configuration list for PBXProject "CobraLang" */;
			compatibilityVersion = "Xcode 3.2";
			developmentRegion = English;
			hasScannedForEncodings = 0;
			knownRegions = (
				en,
			);
			mainGroup = 3EAAF9F01BA49D3B009DF271;
			projectDirPath = "";
			projectRoot = "";
			targets = (
			);
		};
/* End PBXProject section */

/* Begin XCBuildConfiguration section */
		3EAAF9F51BA49D3C009DF271 /* Debug */ = {
			isa = XCBuildConfiguration;
			buildSettings = {
				ONLY_ACTIVE_ARCH = YES;
			};
			name = Debug;
		};
		3EAAF9F61BA49D3C009DF271 /* Release */ = {
			isa = XCBuildConfiguration;
			buildSettings = {
			};
			name = Release;
		};
/* End XCBuildConfiguration section */

/* Begin XCConfigurationList section */
		3EAAF9F41BA49D3C009DF271 /* Build configuration list for PBXProject "CobraLang" */ = {
			isa = XCConfigurationList;
			buildConfigurations = (
				3EAAF9F51BA49D3C009DF271 /* Debug */,
				3EAAF9F61BA49D3C009DF271 /* Release */,
			);
			defaultConfigurationIsVisible = 0;
			defaultConfigurationName = Release;
		};
/* End XCConfigurationList section */
	};
	rootObject = 3EAAF9F11BA49D3C009DF271 /* Project object */;
}
